
Microsoft Visual Studio Solution File, Format Version 12.00
# Visual Studio Version 17
VisualStudioVersion = 17.9.34607.119
MinimumVisualStudioVersion = 10.0.40219.1
Project("{FAE04EC0-301F-11D3-BF4B-00C04F79EFBC}") = "PerigosIntergalacticos", "PerigosIntergalacticos\PerigosIntergalacticos.csproj", "{4014B4C6-8057-4802-AF71-FA0486C3EA6E}"
EndProject
Global
	GlobalSection(SolutionConfigurationPlatforms) = preSolution
		Debug|Any CPU = Debug|Any CPU
		Release|Any CPU = Release|Any CPU
	EndGlobalSection
	GlobalSection(ProjectConfigurationPlatforms) = postSolution
		{4014B4C6-8057-4802-AF71-FA0486C3EA6E}.Debug|Any CPU.ActiveCfg = Debug|Any CPU
		{4014B4C6-8057-4802-AF71-FA0486C3EA6E}.Debug|Any CPU.Build.0 = Debug|Any CPU
		{4014B4C6-8057-4802-AF71-FA0486C3EA6E}.Release|Any CPU.ActiveCfg = Release|Any CPU
		{4014B4C6-8057-4802-AF71-FA0486C3EA6E}.Release|Any CPU.Build.0 = Release|Any CPU
	EndGlobalSection
	GlobalSection(SolutionProperties) = preSolution
		HideSolutionNode = FALSE
	EndGlobalSection
	GlobalSection(ExtensibilityGlobals) = postSolution
		SolutionGuid = {63AA0431-38D7-40BD-8870-AE33EFE7F8E6}
	EndGlobalSection
EndGlobal
